{
  "name": "spessoplayer",
  "version": "0.7.8-beta",
  "lockfileVersion": 3,
  "requires": true,
  "packages": {
    "": {
      "name": "spessoplayer",
      "version": "0.7.8-beta",
      "hasInstallScript": true,
      "license": "GPL-3.0-only",
      "dependencies": {
        "spessasynth_core": "^4.0.25"
      },
      "bin": {
        "spessoplayer": "main.mjs"
      },
      "engines": {
        "node": ">=20.11.0"
      }
    },
    "node_modules/spessasynth_core": {
      "version": "4.2.1",
      "resolved": "https://registry.npmjs.org/spessasynth_core/-/spessasynth_core-4.2.1.tgz",
      "integrity": "sha512-ZS/DLeendgaOGW0iX0lvYBxAhhZPOX5tX2gTs3xmo3WVy2YPevZGS70DECKeiIqZC1hv12Wz6hiPB3R/JI5aqw==",
      "license": "Apache-2.0"
    }
  }
}
