{
  "name": "spessoplayer",
  "version": "0.8.97-beta",
  "lockfileVersion": 3,
  "requires": true,
  "packages": {
    "": {
      "name": "spessoplayer",
      "version": "0.8.97-beta",
      "hasInstallScript": true,
      "license": "GPL-3.0-only",
      "dependencies": {
        "spessasynth_core": "^4.0.25"
      },
      "bin": {
        "spessoplayer": "main.mjs"
      },
      "engines": {
        "node": ">=20.11.0"
      }
    },
    "node_modules/spessasynth_core": {
      "version": "4.3.17",
      "resolved": "https://registry.npmjs.org/spessasynth_core/-/spessasynth_core-4.3.17.tgz",
      "integrity": "sha512-izy6QR9TX7ZFOlMQzDMSLn3cYTYyXvIUGRaLrKYTMJPCiYnaJ3+3IdPaBiClR97Y4/89oEAdbMPUXpaqXCDjaw==",
      "deprecated": "Only the latest version of spessasynth_core is supported.",
      "license": "Apache-2.0",
      "dependencies": {
        "stb-vorbis": "latest"
      }
    },
    "node_modules/stb-vorbis": {
      "version": "0.0.6",
      "resolved": "https://registry.npmjs.org/stb-vorbis/-/stb-vorbis-0.0.6.tgz",
      "integrity": "sha512-CyvjJEGROIdnuZknwFvdOfMIO1ssUxO2OawsXCR3IlbJ8z2IMBjDe8FDxFJqBfLgf1ZOdqvoHAYx3Xk8q9rbbg==",
      "license": "Apache-2.0"
    }
  }
}
