{
  "name": "spessoplayer",
  "version": "0.8.8",
  "lockfileVersion": 3,
  "requires": true,
  "packages": {
    "": {
      "name": "spessoplayer",
      "version": "0.8.8",
      "hasInstallScript": true,
      "license": "GPL-3.0-only",
      "dependencies": {
        "spessasynth_core": "^4.0.25"
      },
      "bin": {
        "spessoplayer": "main.mjs"
      },
      "engines": {
        "node": ">=20.11.0"
      }
    },
    "node_modules/spessasynth_core": {
      "version": "4.3.10",
      "resolved": "https://registry.npmjs.org/spessasynth_core/-/spessasynth_core-4.3.10.tgz",
      "integrity": "sha512-krkf6OFIFh76juBzZxt1e1VTp3/Aws4cEZ4OBsBJGLbz2xmxsAyg7awnkIibn061g/b6K7+nv8pu3arW8uVQ+g==",
      "license": "Apache-2.0"
    }
  }
}
